
Microsoft Visual Studio Solution File, Format Version 12.00
# Visual Studio Version 17
VisualStudioVersion = 17.14.36109.1
MinimumVisualStudioVersion = 10.0.40219.1
Project("{FAE04EC0-301F-11D3-BF4B-00C04F79EFBC}") = "EcommerceApp", "EcommerceApp.csproj", "{B2882376-A3A1-4109-947A-21D20A2C5094}"
EndProject
Project("{2150E333-8FDC-42A3-9474-1A3956D46DE8}") = "Web", "Web", "{02EA681E-C7D8-13C7-8484-4AC65E1B71E8}"
EndProject
Project("{2150E333-8FDC-42A3-9474-1A3956D46DE8}") = "Data", "Data", "{1FADA487-A12C-4D57-A570-160BFAE06520}"
EndProject
Project("{FAE04EC0-301F-11D3-BF4B-00C04F79EFBC}") = "EcommerceApp.Data", "..\Ecommerce.Data\EcommerceApp.Data.csproj", "{1F113CF8-9315-458E-8310-730848049F26}"
EndProject
Project("{FAE04EC0-301F-11D3-BF4B-00C04F79EFBC}") = "EcommerceApp.Data.Models", "..\EcommerceApp.Data.Models\EcommerceApp.Data.Models.csproj", "{88F749F1-1234-478C-9396-8F97B04C055F}"
EndProject
Project("{FAE04EC0-301F-11D3-BF4B-00C04F79EFBC}") = "EcommerceApp.Web.ViewModels", "..\EcommerceApp.Web.ViewModsels\EcommerceApp.Web.ViewModels.csproj", "{49E5C86A-F8D7-4722-BD25-ECC6B700588D}"
EndProject
Global
	GlobalSection(SolutionConfigurationPlatforms) = preSolution
		Debug|Any CPU = Debug|Any CPU
		Release|Any CPU = Release|Any CPU
	EndGlobalSection
	GlobalSection(ProjectConfigurationPlatforms) = postSolution
		{B2882376-A3A1-4109-947A-21D20A2C5094}.Debug|Any CPU.ActiveCfg = Debug|Any CPU
		{B2882376-A3A1-4109-947A-21D20A2C5094}.Debug|Any CPU.Build.0 = Debug|Any CPU
		{B2882376-A3A1-4109-947A-21D20A2C5094}.Release|Any CPU.ActiveCfg = Release|Any CPU
		{B2882376-A3A1-4109-947A-21D20A2C5094}.Release|Any CPU.Build.0 = Release|Any CPU
		{1F113CF8-9315-458E-8310-730848049F26}.Debug|Any CPU.ActiveCfg = Debug|Any CPU
		{1F113CF8-9315-458E-8310-730848049F26}.Debug|Any CPU.Build.0 = Debug|Any CPU
		{1F113CF8-9315-458E-8310-730848049F26}.Release|Any CPU.ActiveCfg = Release|Any CPU
		{1F113CF8-9315-458E-8310-730848049F26}.Release|Any CPU.Build.0 = Release|Any CPU
		{88F749F1-1234-478C-9396-8F97B04C055F}.Debug|Any CPU.ActiveCfg = Debug|Any CPU
		{88F749F1-1234-478C-9396-8F97B04C055F}.Debug|Any CPU.Build.0 = Debug|Any CPU
		{88F749F1-1234-478C-9396-8F97B04C055F}.Release|Any CPU.ActiveCfg = Release|Any CPU
		{88F749F1-1234-478C-9396-8F97B04C055F}.Release|Any CPU.Build.0 = Release|Any CPU
		{49E5C86A-F8D7-4722-BD25-ECC6B700588D}.Debug|Any CPU.ActiveCfg = Debug|Any CPU
		{49E5C86A-F8D7-4722-BD25-ECC6B700588D}.Debug|Any CPU.Build.0 = Debug|Any CPU
		{49E5C86A-F8D7-4722-BD25-ECC6B700588D}.Release|Any CPU.ActiveCfg = Release|Any CPU
		{49E5C86A-F8D7-4722-BD25-ECC6B700588D}.Release|Any CPU.Build.0 = Release|Any CPU
	EndGlobalSection
	GlobalSection(SolutionProperties) = preSolution
		HideSolutionNode = FALSE
	EndGlobalSection
	GlobalSection(NestedProjects) = preSolution
		{B2882376-A3A1-4109-947A-21D20A2C5094} = {02EA681E-C7D8-13C7-8484-4AC65E1B71E8}
		{1F113CF8-9315-458E-8310-730848049F26} = {1FADA487-A12C-4D57-A570-160BFAE06520}
		{88F749F1-1234-478C-9396-8F97B04C055F} = {1FADA487-A12C-4D57-A570-160BFAE06520}
		{49E5C86A-F8D7-4722-BD25-ECC6B700588D} = {02EA681E-C7D8-13C7-8484-4AC65E1B71E8}
	EndGlobalSection
	GlobalSection(ExtensibilityGlobals) = postSolution
		SolutionGuid = {75C62E4C-CEFA-4FAB-BED3-D412C9E08504}
	EndGlobalSection
EndGlobal
