
Microsoft Visual Studio Solution File, Format Version 12.00
# Visual Studio Version 17
VisualStudioVersion = 17.14.36109.1
MinimumVisualStudioVersion = 10.0.40219.1
Project("{2150E333-8FDC-42A3-9474-1A3956D46DE8}") = "Web", "Web", "{02EA681E-C7D8-13C7-8484-4AC65E1B71E8}"
EndProject
Project("{2150E333-8FDC-42A3-9474-1A3956D46DE8}") = "Data", "Data", "{1FADA487-A12C-4D57-A570-160BFAE06520}"
EndProject
Project("{FAE04EC0-301F-11D3-BF4B-00C04F79EFBC}") = "EcommerceApp.Data", "Ecommerce.Data\EcommerceApp.Data.csproj", "{877C9CE7-3A7F-D1AE-DB11-8F07DD6E9C81}"
EndProject
Project("{FAE04EC0-301F-11D3-BF4B-00C04F79EFBC}") = "EcommerceApp", "EcommerceApp\EcommerceApp.csproj", "{131EBA69-7C15-47B2-57DA-6026E9375850}"
EndProject
Project("{FAE04EC0-301F-11D3-BF4B-00C04F79EFBC}") = "EcommerceApp.Common", "EcommerceApp.Common\EcommerceApp.Common.csproj", "{4641EF79-01EE-E577-551F-F950D470D742}"
EndProject
Project("{FAE04EC0-301F-11D3-BF4B-00C04F79EFBC}") = "EcommerceApp.Data.Models", "EcommerceApp.Data.Models\EcommerceApp.Data.Models.csproj", "{6D735A47-48B5-9D4D-91BA-77E87DFE9398}"
EndProject
Project("{FAE04EC0-301F-11D3-BF4B-00C04F79EFBC}") = "EcommerceApp.Web.ViewModels", "EcommerceApp.Web.ViewModsels\EcommerceApp.Web.ViewModels.csproj", "{851DC59D-8371-AF0D-6262-4C27163CA4DB}"
EndProject
Global
	GlobalSection(SolutionConfigurationPlatforms) = preSolution
		Debug|Any CPU = Debug|Any CPU
		Release|Any CPU = Release|Any CPU
	EndGlobalSection
	GlobalSection(ProjectConfigurationPlatforms) = postSolution
		{877C9CE7-3A7F-D1AE-DB11-8F07DD6E9C81}.Debug|Any CPU.ActiveCfg = Debug|Any CPU
		{877C9CE7-3A7F-D1AE-DB11-8F07DD6E9C81}.Debug|Any CPU.Build.0 = Debug|Any CPU
		{877C9CE7-3A7F-D1AE-DB11-8F07DD6E9C81}.Release|Any CPU.ActiveCfg = Release|Any CPU
		{877C9CE7-3A7F-D1AE-DB11-8F07DD6E9C81}.Release|Any CPU.Build.0 = Release|Any CPU
		{131EBA69-7C15-47B2-57DA-6026E9375850}.Debug|Any CPU.ActiveCfg = Debug|Any CPU
		{131EBA69-7C15-47B2-57DA-6026E9375850}.Debug|Any CPU.Build.0 = Debug|Any CPU
		{131EBA69-7C15-47B2-57DA-6026E9375850}.Release|Any CPU.ActiveCfg = Release|Any CPU
		{131EBA69-7C15-47B2-57DA-6026E9375850}.Release|Any CPU.Build.0 = Release|Any CPU
		{4641EF79-01EE-E577-551F-F950D470D742}.Debug|Any CPU.ActiveCfg = Debug|Any CPU
		{4641EF79-01EE-E577-551F-F950D470D742}.Debug|Any CPU.Build.0 = Debug|Any CPU
		{4641EF79-01EE-E577-551F-F950D470D742}.Release|Any CPU.ActiveCfg = Release|Any CPU
		{4641EF79-01EE-E577-551F-F950D470D742}.Release|Any CPU.Build.0 = Release|Any CPU
		{6D735A47-48B5-9D4D-91BA-77E87DFE9398}.Debug|Any CPU.ActiveCfg = Debug|Any CPU
		{6D735A47-48B5-9D4D-91BA-77E87DFE9398}.Debug|Any CPU.Build.0 = Debug|Any CPU
		{6D735A47-48B5-9D4D-91BA-77E87DFE9398}.Release|Any CPU.ActiveCfg = Release|Any CPU
		{6D735A47-48B5-9D4D-91BA-77E87DFE9398}.Release|Any CPU.Build.0 = Release|Any CPU
		{851DC59D-8371-AF0D-6262-4C27163CA4DB}.Debug|Any CPU.ActiveCfg = Debug|Any CPU
		{851DC59D-8371-AF0D-6262-4C27163CA4DB}.Debug|Any CPU.Build.0 = Debug|Any CPU
		{851DC59D-8371-AF0D-6262-4C27163CA4DB}.Release|Any CPU.ActiveCfg = Release|Any CPU
		{851DC59D-8371-AF0D-6262-4C27163CA4DB}.Release|Any CPU.Build.0 = Release|Any CPU
	EndGlobalSection
	GlobalSection(SolutionProperties) = preSolution
		HideSolutionNode = FALSE
	EndGlobalSection
	GlobalSection(NestedProjects) = preSolution
		{877C9CE7-3A7F-D1AE-DB11-8F07DD6E9C81} = {1FADA487-A12C-4D57-A570-160BFAE06520}
		{131EBA69-7C15-47B2-57DA-6026E9375850} = {02EA681E-C7D8-13C7-8484-4AC65E1B71E8}
		{6D735A47-48B5-9D4D-91BA-77E87DFE9398} = {1FADA487-A12C-4D57-A570-160BFAE06520}
		{851DC59D-8371-AF0D-6262-4C27163CA4DB} = {02EA681E-C7D8-13C7-8484-4AC65E1B71E8}
	EndGlobalSection
	GlobalSection(ExtensibilityGlobals) = postSolution
		SolutionGuid = {75C62E4C-CEFA-4FAB-BED3-D412C9E08504}
	EndGlobalSection
EndGlobal
